// !$*UTF8*$!
{
	archiveVersion = 1;
	classes = {
	};
	objectVersion = 50;
	objects = {

/* Begin PBXBuildFile section */
		3F34679127BD5C0B00CD6D6F /* BlurView.swift in Sources */ = {isa = PBXBuildFile; fileRef = 3F34678E27BD5C0B00CD6D6F /* BlurView.swift */; };
		3F34679227BD5C0B00CD6D6F /* AlertToast.swift in Sources */ = {isa = PBXBuildFile; fileRef = 3F34678F27BD5C0B00CD6D6F /* AlertToast.swift */; };
		3F34679327BD5C0B00CD6D6F /* ActivityIndicator.swift in Sources */ = {isa = PBXBuildFile; fileRef = 3F34679027BD5C0B00CD6D6F /* ActivityIndicator.swift */; };
		3F99965427B433CA0016D33A /* SettingsView.swift in Sources */ = {isa = PBXBuildFile; fileRef = 3F99965327B433CA0016D33A /* SettingsView.swift */; };
		3F9E9D9827AAE70200EF779B /* PickADriverApp.swift in Sources */ = {isa = PBXBuildFile; fileRef = 3F9E9D9727AAE70200EF779B /* PickADriverApp.swift */; };
		3F9E9D9A27AAE70200EF779B /* ContentView.swift in Sources */ = {isa = PBXBuildFile; fileRef = 3F9E9D9927AAE70200EF779B /* ContentView.swift */; };
		3F9E9D9C27AAE70700EF779B /* Assets.xcassets in Resources */ = {isa = PBXBuildFile; fileRef = 3F9E9D9B27AAE70700EF779B /* Assets.xcassets */; };
		3F9E9D9F27AAE70700EF779B /* Preview Assets.xcassets in Resources */ = {isa = PBXBuildFile; fileRef = 3F9E9D9E27AAE70700EF779B /* Preview Assets.xcassets */; };
		3F9E9DA727AAE74F00EF779B /* DriverIndex.swift in Sources */ = {isa = PBXBuildFile; fileRef = 3F9E9DA627AAE74F00EF779B /* DriverIndex.swift */; };
		3F9E9DA927AAE75A00EF779B /* EditPeriodsView.swift in Sources */ = {isa = PBXBuildFile; fileRef = 3F9E9DA827AAE75A00EF779B /* EditPeriodsView.swift */; };
		3F9E9DAB27AAE76300EF779B /* EditStudentsView.swift in Sources */ = {isa = PBXBuildFile; fileRef = 3F9E9DAA27AAE76300EF779B /* EditStudentsView.swift */; };
		3F9E9DAD27AAE76A00EF779B /* AddView.swift in Sources */ = {isa = PBXBuildFile; fileRef = 3F9E9DAC27AAE76A00EF779B /* AddView.swift */; };
		3F9E9DAF27AAE77300EF779B /* NameDisplayView.swift in Sources */ = {isa = PBXBuildFile; fileRef = 3F9E9DAE27AAE77300EF779B /* NameDisplayView.swift */; };
/* End PBXBuildFile section */

/* Begin PBXFileReference section */
		3F34678E27BD5C0B00CD6D6F /* BlurView.swift */ = {isa = PBXFileReference; fileEncoding = 4; lastKnownFileType = sourcecode.swift; path = BlurView.swift; sourceTree = "<group>"; };
		3F34678F27BD5C0B00CD6D6F /* AlertToast.swift */ = {isa = PBXFileReference; fileEncoding = 4; lastKnownFileType = sourcecode.swift; path = AlertToast.swift; sourceTree = "<group>"; };
		3F34679027BD5C0B00CD6D6F /* ActivityIndicator.swift */ = {isa = PBXFileReference; fileEncoding = 4; lastKnownFileType = sourcecode.swift; path = ActivityIndicator.swift; sourceTree = "<group>"; };
		3F99965327B433CA0016D33A /* SettingsView.swift */ = {isa = PBXFileReference; lastKnownFileType = sourcecode.swift; path = SettingsView.swift; sourceTree = "<group>"; };
		3F9E9D9427AAE70200EF779B /* PickADriver.app */ = {isa = PBXFileReference; explicitFileType = wrapper.application; includeInIndex = 0; path = PickADriver.app; sourceTree = BUILT_PRODUCTS_DIR; };
		3F9E9D9727AAE70200EF779B /* PickADriverApp.swift */ = {isa = PBXFileReference; lastKnownFileType = sourcecode.swift; path = PickADriverApp.swift; sourceTree = "<group>"; };
		3F9E9D9927AAE70200EF779B /* ContentView.swift */ = {isa = PBXFileReference; lastKnownFileType = sourcecode.swift; path = ContentView.swift; sourceTree = "<group>"; };
		3F9E9D9B27AAE70700EF779B /* Assets.xcassets */ = {isa = PBXFileReference; lastKnownFileType = folder.assetcatalog; path = Assets.xcassets; sourceTree = "<group>"; };
		3F9E9D9E27AAE70700EF779B /* Preview Assets.xcassets */ = {isa = PBXFileReference; lastKnownFileType = folder.assetcatalog; path = "Preview Assets.xcassets"; sourceTree = "<group>"; };
		3F9E9DA027AAE70700EF779B /* Info.plist */ = {isa = PBXFileReference; lastKnownFileType = text.plist.xml; path = Info.plist; sourceTree = "<group>"; };
		3F9E9DA627AAE74F00EF779B /* DriverIndex.swift */ = {isa = PBXFileReference; lastKnownFileType = sourcecode.swift; path = DriverIndex.swift; sourceTree = "<group>"; };
		3F9E9DA827AAE75A00EF779B /* EditPeriodsView.swift */ = {isa = PBXFileReference; lastKnownFileType = sourcecode.swift; path = EditPeriodsView.swift; sourceTree = "<group>"; };
		3F9E9DAA27AAE76300EF779B /* EditStudentsView.swift */ = {isa = PBXFileReference; lastKnownFileType = sourcecode.swift; path = EditStudentsView.swift; sourceTree = "<group>"; };
		3F9E9DAC27AAE76A00EF779B /* AddView.swift */ = {isa = PBXFileReference; lastKnownFileType = sourcecode.swift; path = AddView.swift; sourceTree = "<group>"; };
		3F9E9DAE27AAE77300EF779B /* NameDisplayView.swift */ = {isa = PBXFileReference; lastKnownFileType = sourcecode.swift; path = NameDisplayView.swift; sourceTree = "<group>"; };
/* End PBXFileReference section */

/* Begin PBXFrameworksBuildPhase section */
		3F9E9D9127AAE70200EF779B /* Frameworks */ = {
			isa = PBXFrameworksBuildPhase;
			buildActionMask = 2147483647;
			files = (
			);
			runOnlyForDeploymentPostprocessing = 0;
		};
/* End PBXFrameworksBuildPhase section */

/* Begin PBXGroup section */
		3F34678D27BD5C0B00CD6D6F /* AlertToast */ = {
			isa = PBXGroup;
			children = (
				3F34678E27BD5C0B00CD6D6F /* BlurView.swift */,
				3F34678F27BD5C0B00CD6D6F /* AlertToast.swift */,
				3F34679027BD5C0B00CD6D6F /* ActivityIndicator.swift */,
			);
			name = AlertToast;
			path = "../../Downloads/AlertToast-master 2/Sources/AlertToast";
			sourceTree = "<group>";
		};
		3F9E9D8B27AAE70200EF779B = {
			isa = PBXGroup;
			children = (
				3F34678D27BD5C0B00CD6D6F /* AlertToast */,
				3F9E9D9627AAE70200EF779B /* PickADriver */,
				3F9E9D9527AAE70200EF779B /* Products */,
			);
			sourceTree = "<group>";
		};
		3F9E9D9527AAE70200EF779B /* Products */ = {
			isa = PBXGroup;
			children = (
				3F9E9D9427AAE70200EF779B /* PickADriver.app */,
			);
			name = Products;
			sourceTree = "<group>";
		};
		3F9E9D9627AAE70200EF779B /* PickADriver */ = {
			isa = PBXGroup;
			children = (
				3F9E9D9727AAE70200EF779B /* PickADriverApp.swift */,
				3F9E9D9927AAE70200EF779B /* ContentView.swift */,
				3F99965327B433CA0016D33A /* SettingsView.swift */,
				3F9E9DA627AAE74F00EF779B /* DriverIndex.swift */,
				3F9E9DA827AAE75A00EF779B /* EditPeriodsView.swift */,
				3F9E9DAA27AAE76300EF779B /* EditStudentsView.swift */,
				3F9E9DAC27AAE76A00EF779B /* AddView.swift */,
				3F9E9DAE27AAE77300EF779B /* NameDisplayView.swift */,
				3F9E9D9B27AAE70700EF779B /* Assets.xcassets */,
				3F9E9DA027AAE70700EF779B /* Info.plist */,
				3F9E9D9D27AAE70700EF779B /* Preview Content */,
			);
			path = PickADriver;
			sourceTree = "<group>";
		};
		3F9E9D9D27AAE70700EF779B /* Preview Content */ = {
			isa = PBXGroup;
			children = (
				3F9E9D9E27AAE70700EF779B /* Preview Assets.xcassets */,
			);
			path = "Preview Content";
			sourceTree = "<group>";
		};
/* End PBXGroup section */

/* Begin PBXNativeTarget section */
		3F9E9D9327AAE70200EF779B /* PickADriver */ = {
			isa = PBXNativeTarget;
			buildConfigurationList = 3F9E9DA327AAE70700EF779B /* Build configuration list for PBXNativeTarget "PickADriver" */;
			buildPhases = (
				3F9E9D9027AAE70200EF779B /* Sources */,
				3F9E9D9127AAE70200EF779B /* Frameworks */,
				3F9E9D9227AAE70200EF779B /* Resources */,
			);
			buildRules = (
			);
			dependencies = (
			);
			name = PickADriver;
			productName = PickADriver;
			productReference = 3F9E9D9427AAE70200EF779B /* PickADriver.app */;
			productType = "com.apple.product-type.application";
		};
/* End PBXNativeTarget section */

/* Begin PBXProject section */
		3F9E9D8C27AAE70200EF779B /* Project object */ = {
			isa = PBXProject;
			attributes = {
				LastSwiftUpdateCheck = 1250;
				LastUpgradeCheck = 1250;
				TargetAttributes = {
					3F9E9D9327AAE70200EF779B = {
						CreatedOnToolsVersion = 12.5.1;
					};
				};
			};
			buildConfigurationList = 3F9E9D8F27AAE70200EF779B /* Build configuration list for PBXProject "PickADriver" */;
			compatibilityVersion = "Xcode 9.3";
			developmentRegion = en;
			hasScannedForEncodings = 0;
			knownRegions = (
				en,
				Base,
			);
			mainGroup = 3F9E9D8B27AAE70200EF779B;
			productRefGroup = 3F9E9D9527AAE70200EF779B /* Products */;
			projectDirPath = "";
			projectRoot = "";
			targets = (
				3F9E9D9327AAE70200EF779B /* PickADriver */,
			);
		};
/* End PBXProject section */

/* Begin PBXResourcesBuildPhase section */
		3F9E9D9227AAE70200EF779B /* Resources */ = {
			isa = PBXResourcesBuildPhase;
			buildActionMask = 2147483647;
			files = (
				3F9E9D9F27AAE70700EF779B /* Preview Assets.xcassets in Resources */,
				3F9E9D9C27AAE70700EF779B /* Assets.xcassets in Resources */,
			);
			runOnlyForDeploymentPostprocessing = 0;
		};
/* End PBXResourcesBuildPhase section */

/* Begin PBXSourcesBuildPhase section */
		3F9E9D9027AAE70200EF779B /* Sources */ = {
			isa = PBXSourcesBuildPhase;
			buildActionMask = 2147483647;
			files = (
				3F9E9DAB27AAE76300EF779B /* EditStudentsView.swift in Sources */,
				3F99965427B433CA0016D33A /* SettingsView.swift in Sources */,
				3F9E9D9A27AAE70200EF779B /* ContentView.swift in Sources */,
				3F9E9DAD27AAE76A00EF779B /* AddView.swift in Sources */,
				3F9E9D9827AAE70200EF779B /* PickADriverApp.swift in Sources */,
				3F34679327BD5C0B00CD6D6F /* ActivityIndicator.swift in Sources */,
				3F34679127BD5C0B00CD6D6F /* BlurView.swift in Sources */,
				3F34679227BD5C0B00CD6D6F /* AlertToast.swift in Sources */,
				3F9E9DA727AAE74F00EF779B /* DriverIndex.swift in Sources */,
				3F9E9DA927AAE75A00EF779B /* EditPeriodsView.swift in Sources */,
				3F9E9DAF27AAE77300EF779B /* NameDisplayView.swift in Sources */,
			);
			runOnlyForDeploymentPostprocessing = 0;
		};
/* End PBXSourcesBuildPhase section */

/* Begin XCBuildConfiguration section */
		3F9E9DA127AAE70700EF779B /* Debug */ = {
			isa = XCBuildConfiguration;
			buildSettings = {
				ALWAYS_SEARCH_USER_PATHS = NO;
				CLANG_ANALYZER_NONNULL = YES;
				CLANG_ANALYZER_NUMBER_OBJECT_CONVERSION = YES_AGGRESSIVE;
				CLANG_CXX_LANGUAGE_STANDARD = "gnu++14";
				CLANG_CXX_LIBRARY = "libc++";
				CLANG_ENABLE_MODULES = YES;
				CLANG_ENABLE_OBJC_ARC = YES;
				CLANG_ENABLE_OBJC_WEAK = YES;
				CLANG_WARN_BLOCK_CAPTURE_AUTORELEASING = YES;
				CLANG_WARN_BOOL_CONVERSION = YES;
				CLANG_WARN_COMMA = YES;
				CLANG_WARN_CONSTANT_CONVERSION = YES;
				CLANG_WARN_DEPRECATED_OBJC_IMPLEMENTATIONS = YES;
				CLANG_WARN_DIRECT_OBJC_ISA_USAGE = YES_ERROR;
				CLANG_WARN_DOCUMENTATION_COMMENTS = YES;
				CLANG_WARN_EMPTY_BODY = YES;
				CLANG_WARN_ENUM_CONVERSION = YES;
				CLANG_WARN_INFINITE_RECURSION = YES;
				CLANG_WARN_INT_CONVERSION = YES;
				CLANG_WARN_NON_LITERAL_NULL_CONVERSION = YES;
				CLANG_WARN_OBJC_IMPLICIT_RETAIN_SELF = YES;
				CLANG_WARN_OBJC_LITERAL_CONVERSION = YES;
				CLANG_WARN_OBJC_ROOT_CLASS = YES_ERROR;
				CLANG_WARN_QUOTED_INCLUDE_IN_FRAMEWORK_HEADER = YES;
				CLANG_WARN_RANGE_LOOP_ANALYSIS = YES;
				CLANG_WARN_STRICT_PROTOTYPES = YES;
				CLANG_WARN_SUSPICIOUS_MOVE = YES;
				CLANG_WARN_UNGUARDED_AVAILABILITY = YES_AGGRESSIVE;
				CLANG_WARN_UNREACHABLE_CODE = YES;
				CLANG_WARN__DUPLICATE_METHOD_MATCH = YES;
				COPY_PHASE_STRIP = NO;
				DEBUG_INFORMATION_FORMAT = dwarf;
				ENABLE_STRICT_OBJC_MSGSEND = YES;
				ENABLE_TESTABILITY = YES;
				GCC_C_LANGUAGE_STANDARD = gnu11;
				GCC_DYNAMIC_NO_PIC = NO;
				GCC_NO_COMMON_BLOCKS = YES;
				GCC_OPTIMIZATION_LEVEL = 0;
				GCC_PREPROCESSOR_DEFINITIONS = (
					"DEBUG=1",
					"$(inherited)",
				);
				GCC_WARN_64_TO_32_BIT_CONVERSION = YES;
				GCC_WARN_ABOUT_RETURN_TYPE = YES_ERROR;
				GCC_WARN_UNDECLARED_SELECTOR = YES;
				GCC_WARN_UNINITIALIZED_AUTOS = YES_AGGRESSIVE;
				GCC_WARN_UNUSED_FUNCTION = YES;
				GCC_WARN_UNUSED_VARIABLE = YES;
				IPHONEOS_DEPLOYMENT_TARGET = 14.5;
				MTL_ENABLE_DEBUG_INFO = INCLUDE_SOURCE;
				MTL_FAST_MATH = YES;
				ONLY_ACTIVE_ARCH = YES;
				SDKROOT = iphoneos;
				SWIFT_ACTIVE_COMPILATION_CONDITIONS = DEBUG;
				SWIFT_OPTIMIZATION_LEVEL = "-Onone";
			};
			name = Debug;
		};
		3F9E9DA227AAE70700EF779B /* Release */ = {
			isa = XCBuildConfiguration;
			buildSettings = {
				ALWAYS_SEARCH_USER_PATHS = NO;
				CLANG_ANALYZER_NONNULL = YES;
				CLANG_ANALYZER_NUMBER_OBJECT_CONVERSION = YES_AGGRESSIVE;
				CLANG_CXX_LANGUAGE_STANDARD = "gnu++14";
				CLANG_CXX_LIBRARY = "libc++";
				CLANG_ENABLE_MODULES = YES;
				CLANG_ENABLE_OBJC_ARC = YES;
				CLANG_ENABLE_OBJC_WEAK = YES;
				CLANG_WARN_BLOCK_CAPTURE_AUTORELEASING = YES;
				CLANG_WARN_BOOL_CONVERSION = YES;
				CLANG_WARN_COMMA = YES;
				CLANG_WARN_CONSTANT_CONVERSION = YES;
				CLANG_WARN_DEPRECATED_OBJC_IMPLEMENTATIONS = YES;
				CLANG_WARN_DIRECT_OBJC_ISA_USAGE = YES_ERROR;
				CLANG_WARN_DOCUMENTATION_COMMENTS = YES;
				CLANG_WARN_EMPTY_BODY = YES;
				CLANG_WARN_ENUM_CONVERSION = YES;
				CLANG_WARN_INFINITE_RECURSION = YES;
				CLANG_WARN_INT_CONVERSION = YES;
				CLANG_WARN_NON_LITERAL_NULL_CONVERSION = YES;
				CLANG_WARN_OBJC_IMPLICIT_RETAIN_SELF = YES;
				CLANG_WARN_OBJC_LITERAL_CONVERSION = YES;
				CLANG_WARN_OBJC_ROOT_CLASS = YES_ERROR;
				CLANG_WARN_QUOTED_INCLUDE_IN_FRAMEWORK_HEADER = YES;
				CLANG_WARN_RANGE_LOOP_ANALYSIS = YES;
				CLANG_WARN_STRICT_PROTOTYPES = YES;
				CLANG_WARN_SUSPICIOUS_MOVE = YES;
				CLANG_WARN_UNGUARDED_AVAILABILITY = YES_AGGRESSIVE;
				CLANG_WARN_UNREACHABLE_CODE = YES;
				CLANG_WARN__DUPLICATE_METHOD_MATCH = YES;
				COPY_PHASE_STRIP = NO;
				DEBUG_INFORMATION_FORMAT = "dwarf-with-dsym";
				ENABLE_NS_ASSERTIONS = NO;
				ENABLE_STRICT_OBJC_MSGSEND = YES;
				GCC_C_LANGUAGE_STANDARD = gnu11;
				GCC_NO_COMMON_BLOCKS = YES;
				GCC_WARN_64_TO_32_BIT_CONVERSION = YES;
				GCC_WARN_ABOUT_RETURN_TYPE = YES_ERROR;
				GCC_WARN_UNDECLARED_SELECTOR = YES;
				GCC_WARN_UNINITIALIZED_AUTOS = YES_AGGRESSIVE;
				GCC_WARN_UNUSED_FUNCTION = YES;
				GCC_WARN_UNUSED_VARIABLE = YES;
				IPHONEOS_DEPLOYMENT_TARGET = 14.5;
				MTL_ENABLE_DEBUG_INFO = NO;
				MTL_FAST_MATH = YES;
				SDKROOT = iphoneos;
				SWIFT_COMPILATION_MODE = wholemodule;
				SWIFT_OPTIMIZATION_LEVEL = "-O";
				VALIDATE_PRODUCT = YES;
			};
			name = Release;
		};
		3F9E9DA427AAE70700EF779B /* Debug */ = {
			isa = XCBuildConfiguration;
			buildSettings = {
				ASSETCATALOG_COMPILER_APPICON_NAME = AppIcon;
				ASSETCATALOG_COMPILER_GLOBAL_ACCENT_COLOR_NAME = AccentColor;
				CODE_SIGN_STYLE = Automatic;
				DEVELOPMENT_ASSET_PATHS = "\"PickADriver/Preview Content\"";
				ENABLE_PREVIEWS = YES;
				INFOPLIST_FILE = PickADriver/Info.plist;
				IPHONEOS_DEPLOYMENT_TARGET = 14.0;
				LD_RUNPATH_SEARCH_PATHS = (
					"$(inherited)",
					"@executable_path/Frameworks",
				);
				PRODUCT_BUNDLE_IDENTIFIER = Humieniuk.PickADriver;
				PRODUCT_NAME = "$(TARGET_NAME)";
				SWIFT_VERSION = 5.0;
				TARGETED_DEVICE_FAMILY = "1,2";
			};
			name = Debug;
		};
		3F9E9DA527AAE70700EF779B /* Release */ = {
			isa = XCBuildConfiguration;
			buildSettings = {
				ASSETCATALOG_COMPILER_APPICON_NAME = AppIcon;
				ASSETCATALOG_COMPILER_GLOBAL_ACCENT_COLOR_NAME = AccentColor;
				CODE_SIGN_STYLE = Automatic;
				DEVELOPMENT_ASSET_PATHS = "\"PickADriver/Preview Content\"";
				ENABLE_PREVIEWS = YES;
				INFOPLIST_FILE = PickADriver/Info.plist;
				IPHONEOS_DEPLOYMENT_TARGET = 14.0;
				LD_RUNPATH_SEARCH_PATHS = (
					"$(inherited)",
					"@executable_path/Frameworks",
				);
				PRODUCT_BUNDLE_IDENTIFIER = Humieniuk.PickADriver;
				PRODUCT_NAME = "$(TARGET_NAME)";
				SWIFT_VERSION = 5.0;
				TARGETED_DEVICE_FAMILY = "1,2";
			};
			name = Release;
		};
/* End XCBuildConfiguration section */

/* Begin XCConfigurationList section */
		3F9E9D8F27AAE70200EF779B /* Build configuration list for PBXProject "PickADriver" */ = {
			isa = XCConfigurationList;
			buildConfigurations = (
				3F9E9DA127AAE70700EF779B /* Debug */,
				3F9E9DA227AAE70700EF779B /* Release */,
			);
			defaultConfigurationIsVisible = 0;
			defaultConfigurationName = Release;
		};
		3F9E9DA327AAE70700EF779B /* Build configuration list for PBXNativeTarget "PickADriver" */ = {
			isa = XCConfigurationList;
			buildConfigurations = (
				3F9E9DA427AAE70700EF779B /* Debug */,
				3F9E9DA527AAE70700EF779B /* Release */,
			);
			defaultConfigurationIsVisible = 0;
			defaultConfigurationName = Release;
		};
/* End XCConfigurationList section */
	};
	rootObject = 3F9E9D8C27AAE70200EF779B /* Project object */;
}
